
Microsoft Visual Studio Solution File, Format Version 12.00
# Visual Studio Version 17
VisualStudioVersion = 17.5.002.0
MinimumVisualStudioVersion = 10.0.40219.1
Project("{2150E333-8FDC-42A3-9474-1A3956D46DE8}") = "prepare", "prepare", "{56EAFA2E-A2F4-4D73-A9FA-6426D9A767E1}"
EndProject
Project("{9A19103F-16F7-4668-BE54-9A1E7A4F7556}") = "Learning02", "prepare\Learning02\Learning02.csproj", "{4CBDB0E1-B892-4E05-B473-AE50525A6FDB}"
EndProject
Project("{9A19103F-16F7-4668-BE54-9A1E7A4F7556}") = "Learning05", "prepare\Learning05\Learning05.csproj", "{1D4035EE-B23C-4E9E-84EF-C8CF0D974BE8}"
EndProject
Project("{9A19103F-16F7-4668-BE54-9A1E7A4F7556}") = "Learning04", "prepare\Learning04\Learning04.csproj", "{DD99054B-6A72-4730-9947-684A16076688}"
EndProject
Project("{9A19103F-16F7-4668-BE54-9A1E7A4F7556}") = "Learning03", "prepare\Learning03\Learning03.csproj", "{552CB4A4-9666-4721-A854-B3A561659E20}"
EndProject
Project("{2150E333-8FDC-42A3-9474-1A3956D46DE8}") = "prove", "prove", "{C6A53873-E9F3-4ADD-90C5-9521C88E3D18}"
EndProject
Project("{9A19103F-16F7-4668-BE54-9A1E7A4F7556}") = "Develop03", "prove\Develop03\Develop03.csproj", "{962F87A4-1B2A-48C0-A54D-1A180E29DAB4}"
EndProject
Project("{9A19103F-16F7-4668-BE54-9A1E7A4F7556}") = "Develop04", "prove\Develop04\Develop04.csproj", "{56A923FB-A022-4EE0-91D1-4E364F4D7737}"
EndProject
Project("{9A19103F-16F7-4668-BE54-9A1E7A4F7556}") = "Develop05", "prove\Develop05\Develop05.csproj", "{5E22BE69-1211-4DF3-A4DA-EE64238D82B9}"
EndProject
Project("{9A19103F-16F7-4668-BE54-9A1E7A4F7556}") = "Develop02", "prove\Develop02\Develop02.csproj", "{FDC0ED1B-3A7A-4C3F-9C65-4D2CC1678744}"
EndProject
Project("{2150E333-8FDC-42A3-9474-1A3956D46DE8}") = "sandbox", "sandbox", "{3B695ACD-6D39-4838-A9DD-249F89556864}"
EndProject
Project("{9A19103F-16F7-4668-BE54-9A1E7A4F7556}") = "Sandbox", "sandbox\Sandbox\Sandbox.csproj", "{8F27E1FF-8F8F-443B-AE42-B7C87CE07FD6}"
EndProject
Project("{2150E333-8FDC-42A3-9474-1A3956D46DE8}") = "final", "final", "{55278697-42EB-47C0-B1A7-F2C9624E3990}"
EndProject
Project("{9A19103F-16F7-4668-BE54-9A1E7A4F7556}") = "FinalProject", "final\FinalProject\FinalProject.csproj", "{50F0FBC7-A6AC-4B98-8E3C-073F1166038A}"
EndProject
Project("{9A19103F-16F7-4668-BE54-9A1E7A4F7556}") = "Foundation1", "final\Foundation1\Foundation1.csproj", "{ACC43C67-1665-471C-846A-DD854B5BC733}"
EndProject
Project("{9A19103F-16F7-4668-BE54-9A1E7A4F7556}") = "Foundation4", "final\Foundation4\Foundation4.csproj", "{6ACBDD00-7B57-4C97-9136-AE2D8EDD7A17}"
EndProject
Project("{9A19103F-16F7-4668-BE54-9A1E7A4F7556}") = "Foundation3", "final\Foundation3\Foundation3.csproj", "{0C2B6248-3806-4D52-887D-F9EDAD0CE45D}"
EndProject
Project("{9A19103F-16F7-4668-BE54-9A1E7A4F7556}") = "Foundation2", "final\Foundation2\Foundation2.csproj", "{B73E10AA-7C1D-4DA4-B6B1-2B2A18126443}"
EndProject
Project("{2150E333-8FDC-42A3-9474-1A3956D46DE8}") = "csharp-prep", "csharp-prep", "{598D2391-7A6D-4036-A079-8AF8A04266F1}"
EndProject
Project("{9A19103F-16F7-4668-BE54-9A1E7A4F7556}") = "Prep1", "csharp-prep\Prep1\Prep1.csproj", "{A69917E7-8B21-44DA-9D50-7534B2031487}"
EndProject
Project("{9A19103F-16F7-4668-BE54-9A1E7A4F7556}") = "Prep5", "csharp-prep\Prep5\Prep5.csproj", "{4B551AF3-9880-472A-84F1-72897DC0B47E}"
EndProject
Project("{9A19103F-16F7-4668-BE54-9A1E7A4F7556}") = "Prep2", "csharp-prep\Prep2\Prep2.csproj", "{6A0777C0-3D64-4890-AA53-1FE03584FF93}"
EndProject
Project("{9A19103F-16F7-4668-BE54-9A1E7A4F7556}") = "Prep3", "csharp-prep\Prep3\Prep3.csproj", "{B5C4F2FB-9594-42CB-A94E-18B1C914DC31}"
EndProject
Project("{9A19103F-16F7-4668-BE54-9A1E7A4F7556}") = "Prep4", "csharp-prep\Prep4\Prep4.csproj", "{B65B5DA3-EDFD-4686-BB8E-488BF1682ABD}"
EndProject
Global
	GlobalSection(SolutionConfigurationPlatforms) = preSolution
		Debug|Any CPU = Debug|Any CPU
		Release|Any CPU = Release|Any CPU
	EndGlobalSection
	GlobalSection(ProjectConfigurationPlatforms) = postSolution
		{4CBDB0E1-B892-4E05-B473-AE50525A6FDB}.Debug|Any CPU.ActiveCfg = Debug|Any CPU
		{4CBDB0E1-B892-4E05-B473-AE50525A6FDB}.Debug|Any CPU.Build.0 = Debug|Any CPU
		{4CBDB0E1-B892-4E05-B473-AE50525A6FDB}.Release|Any CPU.ActiveCfg = Release|Any CPU
		{4CBDB0E1-B892-4E05-B473-AE50525A6FDB}.Release|Any CPU.Build.0 = Release|Any CPU
		{1D4035EE-B23C-4E9E-84EF-C8CF0D974BE8}.Debug|Any CPU.ActiveCfg = Debug|Any CPU
		{1D4035EE-B23C-4E9E-84EF-C8CF0D974BE8}.Debug|Any CPU.Build.0 = Debug|Any CPU
		{1D4035EE-B23C-4E9E-84EF-C8CF0D974BE8}.Release|Any CPU.ActiveCfg = Release|Any CPU
		{1D4035EE-B23C-4E9E-84EF-C8CF0D974BE8}.Release|Any CPU.Build.0 = Release|Any CPU
		{DD99054B-6A72-4730-9947-684A16076688}.Debug|Any CPU.ActiveCfg = Debug|Any CPU
		{DD99054B-6A72-4730-9947-684A16076688}.Debug|Any CPU.Build.0 = Debug|Any CPU
		{DD99054B-6A72-4730-9947-684A16076688}.Release|Any CPU.ActiveCfg = Release|Any CPU
		{DD99054B-6A72-4730-9947-684A16076688}.Release|Any CPU.Build.0 = Release|Any CPU
		{552CB4A4-9666-4721-A854-B3A561659E20}.Debug|Any CPU.ActiveCfg = Debug|Any CPU
		{552CB4A4-9666-4721-A854-B3A561659E20}.Debug|Any CPU.Build.0 = Debug|Any CPU
		{552CB4A4-9666-4721-A854-B3A561659E20}.Release|Any CPU.ActiveCfg = Release|Any CPU
		{552CB4A4-9666-4721-A854-B3A561659E20}.Release|Any CPU.Build.0 = Release|Any CPU
		{962F87A4-1B2A-48C0-A54D-1A180E29DAB4}.Debug|Any CPU.ActiveCfg = Debug|Any CPU
		{962F87A4-1B2A-48C0-A54D-1A180E29DAB4}.Debug|Any CPU.Build.0 = Debug|Any CPU
		{962F87A4-1B2A-48C0-A54D-1A180E29DAB4}.Release|Any CPU.ActiveCfg = Release|Any CPU
		{962F87A4-1B2A-48C0-A54D-1A180E29DAB4}.Release|Any CPU.Build.0 = Release|Any CPU
		{56A923FB-A022-4EE0-91D1-4E364F4D7737}.Debug|Any CPU.ActiveCfg = Debug|Any CPU
		{56A923FB-A022-4EE0-91D1-4E364F4D7737}.Debug|Any CPU.Build.0 = Debug|Any CPU
		{56A923FB-A022-4EE0-91D1-4E364F4D7737}.Release|Any CPU.ActiveCfg = Release|Any CPU
		{56A923FB-A022-4EE0-91D1-4E364F4D7737}.Release|Any CPU.Build.0 = Release|Any CPU
		{5E22BE69-1211-4DF3-A4DA-EE64238D82B9}.Debug|Any CPU.ActiveCfg = Debug|Any CPU
		{5E22BE69-1211-4DF3-A4DA-EE64238D82B9}.Debug|Any CPU.Build.0 = Debug|Any CPU
		{5E22BE69-1211-4DF3-A4DA-EE64238D82B9}.Release|Any CPU.ActiveCfg = Release|Any CPU
		{5E22BE69-1211-4DF3-A4DA-EE64238D82B9}.Release|Any CPU.Build.0 = Release|Any CPU
		{FDC0ED1B-3A7A-4C3F-9C65-4D2CC1678744}.Debug|Any CPU.ActiveCfg = Debug|Any CPU
		{FDC0ED1B-3A7A-4C3F-9C65-4D2CC1678744}.Debug|Any CPU.Build.0 = Debug|Any CPU
		{FDC0ED1B-3A7A-4C3F-9C65-4D2CC1678744}.Release|Any CPU.ActiveCfg = Release|Any CPU
		{FDC0ED1B-3A7A-4C3F-9C65-4D2CC1678744}.Release|Any CPU.Build.0 = Release|Any CPU
		{8F27E1FF-8F8F-443B-AE42-B7C87CE07FD6}.Debug|Any CPU.ActiveCfg = Debug|Any CPU
		{8F27E1FF-8F8F-443B-AE42-B7C87CE07FD6}.Debug|Any CPU.Build.0 = Debug|Any CPU
		{8F27E1FF-8F8F-443B-AE42-B7C87CE07FD6}.Release|Any CPU.ActiveCfg = Release|Any CPU
		{8F27E1FF-8F8F-443B-AE42-B7C87CE07FD6}.Release|Any CPU.Build.0 = Release|Any CPU
		{50F0FBC7-A6AC-4B98-8E3C-073F1166038A}.Debug|Any CPU.ActiveCfg = Debug|Any CPU
		{50F0FBC7-A6AC-4B98-8E3C-073F1166038A}.Debug|Any CPU.Build.0 = Debug|Any CPU
		{50F0FBC7-A6AC-4B98-8E3C-073F1166038A}.Release|Any CPU.ActiveCfg = Release|Any CPU
		{50F0FBC7-A6AC-4B98-8E3C-073F1166038A}.Release|Any CPU.Build.0 = Release|Any CPU
		{ACC43C67-1665-471C-846A-DD854B5BC733}.Debug|Any CPU.ActiveCfg = Debug|Any CPU
		{ACC43C67-1665-471C-846A-DD854B5BC733}.Debug|Any CPU.Build.0 = Debug|Any CPU
		{ACC43C67-1665-471C-846A-DD854B5BC733}.Release|Any CPU.ActiveCfg = Release|Any CPU
		{ACC43C67-1665-471C-846A-DD854B5BC733}.Release|Any CPU.Build.0 = Release|Any CPU
		{6ACBDD00-7B57-4C97-9136-AE2D8EDD7A17}.Debug|Any CPU.ActiveCfg = Debug|Any CPU
		{6ACBDD00-7B57-4C97-9136-AE2D8EDD7A17}.Debug|Any CPU.Build.0 = Debug|Any CPU
		{6ACBDD00-7B57-4C97-9136-AE2D8EDD7A17}.Release|Any CPU.ActiveCfg = Release|Any CPU
		{6ACBDD00-7B57-4C97-9136-AE2D8EDD7A17}.Release|Any CPU.Build.0 = Release|Any CPU
		{0C2B6248-3806-4D52-887D-F9EDAD0CE45D}.Debug|Any CPU.ActiveCfg = Debug|Any CPU
		{0C2B6248-3806-4D52-887D-F9EDAD0CE45D}.Debug|Any CPU.Build.0 = Debug|Any CPU
		{0C2B6248-3806-4D52-887D-F9EDAD0CE45D}.Release|Any CPU.ActiveCfg = Release|Any CPU
		{0C2B6248-3806-4D52-887D-F9EDAD0CE45D}.Release|Any CPU.Build.0 = Release|Any CPU
		{B73E10AA-7C1D-4DA4-B6B1-2B2A18126443}.Debug|Any CPU.ActiveCfg = Debug|Any CPU
		{B73E10AA-7C1D-4DA4-B6B1-2B2A18126443}.Debug|Any CPU.Build.0 = Debug|Any CPU
		{B73E10AA-7C1D-4DA4-B6B1-2B2A18126443}.Release|Any CPU.ActiveCfg = Release|Any CPU
		{B73E10AA-7C1D-4DA4-B6B1-2B2A18126443}.Release|Any CPU.Build.0 = Release|Any CPU
		{A69917E7-8B21-44DA-9D50-7534B2031487}.Debug|Any CPU.ActiveCfg = Debug|Any CPU
		{A69917E7-8B21-44DA-9D50-7534B2031487}.Debug|Any CPU.Build.0 = Debug|Any CPU
		{A69917E7-8B21-44DA-9D50-7534B2031487}.Release|Any CPU.ActiveCfg = Release|Any CPU
		{A69917E7-8B21-44DA-9D50-7534B2031487}.Release|Any CPU.Build.0 = Release|Any CPU
		{4B551AF3-9880-472A-84F1-72897DC0B47E}.Debug|Any CPU.ActiveCfg = Debug|Any CPU
		{4B551AF3-9880-472A-84F1-72897DC0B47E}.Debug|Any CPU.Build.0 = Debug|Any CPU
		{4B551AF3-9880-472A-84F1-72897DC0B47E}.Release|Any CPU.ActiveCfg = Release|Any CPU
		{4B551AF3-9880-472A-84F1-72897DC0B47E}.Release|Any CPU.Build.0 = Release|Any CPU
		{6A0777C0-3D64-4890-AA53-1FE03584FF93}.Debug|Any CPU.ActiveCfg = Debug|Any CPU
		{6A0777C0-3D64-4890-AA53-1FE03584FF93}.Debug|Any CPU.Build.0 = Debug|Any CPU
		{6A0777C0-3D64-4890-AA53-1FE03584FF93}.Release|Any CPU.ActiveCfg = Release|Any CPU
		{6A0777C0-3D64-4890-AA53-1FE03584FF93}.Release|Any CPU.Build.0 = Release|Any CPU
		{B5C4F2FB-9594-42CB-A94E-18B1C914DC31}.Debug|Any CPU.ActiveCfg = Debug|Any CPU
		{B5C4F2FB-9594-42CB-A94E-18B1C914DC31}.Debug|Any CPU.Build.0 = Debug|Any CPU
		{B5C4F2FB-9594-42CB-A94E-18B1C914DC31}.Release|Any CPU.ActiveCfg = Release|Any CPU
		{B5C4F2FB-9594-42CB-A94E-18B1C914DC31}.Release|Any CPU.Build.0 = Release|Any CPU
		{B65B5DA3-EDFD-4686-BB8E-488BF1682ABD}.Debug|Any CPU.ActiveCfg = Debug|Any CPU
		{B65B5DA3-EDFD-4686-BB8E-488BF1682ABD}.Debug|Any CPU.Build.0 = Debug|Any CPU
		{B65B5DA3-EDFD-4686-BB8E-488BF1682ABD}.Release|Any CPU.ActiveCfg = Release|Any CPU
		{B65B5DA3-EDFD-4686-BB8E-488BF1682ABD}.Release|Any CPU.Build.0 = Release|Any CPU
	EndGlobalSection
	GlobalSection(SolutionProperties) = preSolution
		HideSolutionNode = FALSE
	EndGlobalSection
	GlobalSection(NestedProjects) = preSolution
		{4CBDB0E1-B892-4E05-B473-AE50525A6FDB} = {56EAFA2E-A2F4-4D73-A9FA-6426D9A767E1}
		{1D4035EE-B23C-4E9E-84EF-C8CF0D974BE8} = {56EAFA2E-A2F4-4D73-A9FA-6426D9A767E1}
		{DD99054B-6A72-4730-9947-684A16076688} = {56EAFA2E-A2F4-4D73-A9FA-6426D9A767E1}
		{552CB4A4-9666-4721-A854-B3A561659E20} = {56EAFA2E-A2F4-4D73-A9FA-6426D9A767E1}
		{962F87A4-1B2A-48C0-A54D-1A180E29DAB4} = {C6A53873-E9F3-4ADD-90C5-9521C88E3D18}
		{56A923FB-A022-4EE0-91D1-4E364F4D7737} = {C6A53873-E9F3-4ADD-90C5-9521C88E3D18}
		{5E22BE69-1211-4DF3-A4DA-EE64238D82B9} = {C6A53873-E9F3-4ADD-90C5-9521C88E3D18}
		{FDC0ED1B-3A7A-4C3F-9C65-4D2CC1678744} = {C6A53873-E9F3-4ADD-90C5-9521C88E3D18}
		{8F27E1FF-8F8F-443B-AE42-B7C87CE07FD6} = {3B695ACD-6D39-4838-A9DD-249F89556864}
		{50F0FBC7-A6AC-4B98-8E3C-073F1166038A} = {55278697-42EB-47C0-B1A7-F2C9624E3990}
		{ACC43C67-1665-471C-846A-DD854B5BC733} = {55278697-42EB-47C0-B1A7-F2C9624E3990}
		{6ACBDD00-7B57-4C97-9136-AE2D8EDD7A17} = {55278697-42EB-47C0-B1A7-F2C9624E3990}
		{0C2B6248-3806-4D52-887D-F9EDAD0CE45D} = {55278697-42EB-47C0-B1A7-F2C9624E3990}
		{B73E10AA-7C1D-4DA4-B6B1-2B2A18126443} = {55278697-42EB-47C0-B1A7-F2C9624E3990}
		{A69917E7-8B21-44DA-9D50-7534B2031487} = {598D2391-7A6D-4036-A079-8AF8A04266F1}
		{4B551AF3-9880-472A-84F1-72897DC0B47E} = {598D2391-7A6D-4036-A079-8AF8A04266F1}
		{6A0777C0-3D64-4890-AA53-1FE03584FF93} = {598D2391-7A6D-4036-A079-8AF8A04266F1}
		{B5C4F2FB-9594-42CB-A94E-18B1C914DC31} = {598D2391-7A6D-4036-A079-8AF8A04266F1}
		{B65B5DA3-EDFD-4686-BB8E-488BF1682ABD} = {598D2391-7A6D-4036-A079-8AF8A04266F1}
	EndGlobalSection
	GlobalSection(ExtensibilityGlobals) = postSolution
		SolutionGuid = {4D01CC38-1A5D-4A49-B61A-22A54F8A7606}
	EndGlobalSection
EndGlobal
